Microsoft Visual Studio Solution File, Format Version 11.00
# Visual Studio 2008

Project("{492BB43B-BE57-329D-30C3-C18E7AD6F70F}") = "Snike", "Assembly-CSharp.csproj", "{10346226-A6FB-8EC2-5A3E-4F257FD2A550}"
EndProject
Global
	GlobalSection(SolutionConfigurationPlatforms) = preSolution
		Debug|Any CPU = Debug|Any CPU
		Release|Any CPU = Release|Any CPU
	EndGlobalSection
	GlobalSection(ProjectConfigurationPlatforms) = postSolution
		{10346226-A6FB-8EC2-5A3E-4F257FD2A550}.Debug|Any CPU.ActiveCfg = Debug|Any CPU
		{10346226-A6FB-8EC2-5A3E-4F257FD2A550}.Debug|Any CPU.Build.0 = Debug|Any CPU
		{10346226-A6FB-8EC2-5A3E-4F257FD2A550}.Release|Any CPU.ActiveCfg = Release|Any CPU
		{10346226-A6FB-8EC2-5A3E-4F257FD2A550}.Release|Any CPU.Build.0 = Release|Any CPU
	EndGlobalSection
	GlobalSection(SolutionProperties) = preSolution
		HideSolutionNode = FALSE
	EndGlobalSection
	GlobalSection(MonoDevelopProperties) = preSolution
		StartupItem = Assembly-CSharp.csproj
	EndGlobalSection
EndGlobal
